{
    "_readme": [
        "This file locks the dependencies of your project to a known state",
        "Read more about it at https://getcomposer.org/doc/01-basic-usage.md#installing-dependencies",
        "This file is @generated automatically"
    ],
    "content-hash": "04c7a8db724be53617b5d9c9ee657a1b",
    "packages": [
        {
            "name": "devorto/mail",
            "version": "2.0.0",
            "source": {
                "type": "git",
                "url": "https://github.com/devorto/mail.git",
                "reference": "39a45c916f9f1e49d2210c9cc34bed454ef1f56d"
            },
            "dist": {
                "type": "zip",
                "url": "https://api.github.com/repos/devorto/mail/zipball/39a45c916f9f1e49d2210c9cc34bed454ef1f56d",
                "reference": "39a45c916f9f1e49d2210c9cc34bed454ef1f56d",
                "shasum": ""
            },
            "require": {
                "php": "^7.1.0"
            },
            "type": "library",
            "autoload": {
                "psr-4": {
                    "Devorto\\Mail\\": "src/"
                }
            },
            "notification-url": "https://packagist.org/downloads/",
            "license": [
                "MIT"
            ],
            "authors": [
                {
                    "name": "Geoffrey Dijkstra",
                    "email": "info@devorto.com",
                    "homepage": "https://www.devorto.com/",
                    "role": "Owner"
                }
            ],
            "description": "General mail interface.",
            "time": "2020-03-30T14:34:03+00:00"
        }
    ],
    "packages-dev": [],
    "aliases": [],
    "minimum-stability": "stable",
    "stability-flags": [],
    "prefer-stable": false,
    "prefer-lowest": false,
    "platform": {
        "php": "^7.1.0"
    },
    "platform-dev": []
}
